
Microsoft Visual Studio Solution File, Format Version 12.00
# Visual Studio 2013
VisualStudioVersion = 12.0.30723.0
MinimumVisualStudioVersion = 10.0.40219.1
Project("{FAE04EC0-301F-11D3-BF4B-00C04F79EFBC}") = "unityaoptest", "unityaoptest\unityaoptest.csproj", "{A2AC27FD-8C70-4156-ADF5-BAB8CB1C6A65}"
EndProject
Global
	GlobalSection(SolutionConfigurationPlatforms) = preSolution
		Debug|Any CPU = Debug|Any CPU
		Release|Any CPU = Release|Any CPU
	EndGlobalSection
	GlobalSection(ProjectConfigurationPlatforms) = postSolution
		{A2AC27FD-8C70-4156-ADF5-BAB8CB1C6A65}.Debug|Any CPU.ActiveCfg = Debug|Any CPU
		{A2AC27FD-8C70-4156-ADF5-BAB8CB1C6A65}.Debug|Any CPU.Build.0 = Debug|Any CPU
		{A2AC27FD-8C70-4156-ADF5-BAB8CB1C6A65}.Release|Any CPU.ActiveCfg = Release|Any CPU
		{A2AC27FD-8C70-4156-ADF5-BAB8CB1C6A65}.Release|Any CPU.Build.0 = Release|Any CPU
	EndGlobalSection
	GlobalSection(SolutionProperties) = preSolution
		HideSolutionNode = FALSE
	EndGlobalSection
EndGlobal
